
Microsoft Visual Studio Solution File, Format Version 12.00
# Visual Studio Version 16
VisualStudioVersion = 16.0.29318.209
MinimumVisualStudioVersion = 10.0.40219.1
Project("{9A19103F-16F7-4668-BE54-9A1E7A4F7556}") = "TimeZonesApp.Api", "TimeZonesApp.Api\TimeZonesApp.Api.csproj", "{935664A6-94A7-4381-92F9-AE66338EDDE9}"
EndProject
Project("{9A19103F-16F7-4668-BE54-9A1E7A4F7556}") = "TimeZonesApp.Data", "TimeZonesApp.Data\TimeZonesApp.Data.csproj", "{1EDE4908-2443-496B-BB1F-0909DAD14B0D}"
EndProject
Project("{9A19103F-16F7-4668-BE54-9A1E7A4F7556}") = "TimeZonesApp.Infrastructure", "TimeZonesApp.Infrastructure\TimeZonesApp.Infrastructure.csproj", "{A7A80C30-CBBF-491A-AF66-5F0F7C68B354}"
EndProject
Project("{9A19103F-16F7-4668-BE54-9A1E7A4F7556}") = "TimeZonesApp.Domain", "TimeZonesApp.Domain\TimeZonesApp.Domain.csproj", "{47FFE082-2823-4682-B176-F4BD8B0E1F9E}"
EndProject
Project("{FAE04EC0-301F-11D3-BF4B-00C04F79EFBC}") = "TimeZonesApp.Auth", "TimeZonesApp.Auth\TimeZonesApp.Auth.csproj", "{1F15385B-23E9-4935-9804-B0D0515C0AA5}"
EndProject
Global
	GlobalSection(SolutionConfigurationPlatforms) = preSolution
		Debug|Any CPU = Debug|Any CPU
		Release|Any CPU = Release|Any CPU
	EndGlobalSection
	GlobalSection(ProjectConfigurationPlatforms) = postSolution
		{935664A6-94A7-4381-92F9-AE66338EDDE9}.Debug|Any CPU.ActiveCfg = Debug|Any CPU
		{935664A6-94A7-4381-92F9-AE66338EDDE9}.Debug|Any CPU.Build.0 = Debug|Any CPU
		{935664A6-94A7-4381-92F9-AE66338EDDE9}.Release|Any CPU.ActiveCfg = Release|Any CPU
		{935664A6-94A7-4381-92F9-AE66338EDDE9}.Release|Any CPU.Build.0 = Release|Any CPU
		{1EDE4908-2443-496B-BB1F-0909DAD14B0D}.Debug|Any CPU.ActiveCfg = Debug|Any CPU
		{1EDE4908-2443-496B-BB1F-0909DAD14B0D}.Debug|Any CPU.Build.0 = Debug|Any CPU
		{1EDE4908-2443-496B-BB1F-0909DAD14B0D}.Release|Any CPU.ActiveCfg = Release|Any CPU
		{1EDE4908-2443-496B-BB1F-0909DAD14B0D}.Release|Any CPU.Build.0 = Release|Any CPU
		{A7A80C30-CBBF-491A-AF66-5F0F7C68B354}.Debug|Any CPU.ActiveCfg = Debug|Any CPU
		{A7A80C30-CBBF-491A-AF66-5F0F7C68B354}.Debug|Any CPU.Build.0 = Debug|Any CPU
		{A7A80C30-CBBF-491A-AF66-5F0F7C68B354}.Release|Any CPU.ActiveCfg = Release|Any CPU
		{A7A80C30-CBBF-491A-AF66-5F0F7C68B354}.Release|Any CPU.Build.0 = Release|Any CPU
		{47FFE082-2823-4682-B176-F4BD8B0E1F9E}.Debug|Any CPU.ActiveCfg = Debug|Any CPU
		{47FFE082-2823-4682-B176-F4BD8B0E1F9E}.Debug|Any CPU.Build.0 = Debug|Any CPU
		{47FFE082-2823-4682-B176-F4BD8B0E1F9E}.Release|Any CPU.ActiveCfg = Release|Any CPU
		{47FFE082-2823-4682-B176-F4BD8B0E1F9E}.Release|Any CPU.Build.0 = Release|Any CPU
		{1F15385B-23E9-4935-9804-B0D0515C0AA5}.Debug|Any CPU.ActiveCfg = Debug|Any CPU
		{1F15385B-23E9-4935-9804-B0D0515C0AA5}.Debug|Any CPU.Build.0 = Debug|Any CPU
		{1F15385B-23E9-4935-9804-B0D0515C0AA5}.Release|Any CPU.ActiveCfg = Release|Any CPU
		{1F15385B-23E9-4935-9804-B0D0515C0AA5}.Release|Any CPU.Build.0 = Release|Any CPU
	EndGlobalSection
	GlobalSection(SolutionProperties) = preSolution
		HideSolutionNode = FALSE
	EndGlobalSection
	GlobalSection(ExtensibilityGlobals) = postSolution
		SolutionGuid = {C340AA50-2904-483E-836B-CC88389D0107}
	EndGlobalSection
EndGlobal
